
Microsoft Visual Studio Solution File, Format Version 12.00
Project("{FAE04EC0-301F-11D3-BF4B-00C04F79EFBC}") = "HetznerCloud.Net", "HetznerCloud.Net\HetznerCloud.Net.csproj", "{9A1246FD-3CE7-4748-A159-211D85ECE3C0}"
EndProject
Project("{FAE04EC0-301F-11D3-BF4B-00C04F79EFBC}") = "HetznerCloud.Net.ConsoleTest", "HetznerCloud.Net.ConsoleTest\HetznerCloud.Net.ConsoleTest.csproj", "{16EAAE86-164E-4737-ABA8-34A1E7DC06F5}"
EndProject
Global
	GlobalSection(SolutionConfigurationPlatforms) = preSolution
		Debug|Any CPU = Debug|Any CPU
		Release|Any CPU = Release|Any CPU
	EndGlobalSection
	GlobalSection(ProjectConfigurationPlatforms) = postSolution
		{9A1246FD-3CE7-4748-A159-211D85ECE3C0}.Debug|Any CPU.ActiveCfg = Debug|Any CPU
		{9A1246FD-3CE7-4748-A159-211D85ECE3C0}.Debug|Any CPU.Build.0 = Debug|Any CPU
		{9A1246FD-3CE7-4748-A159-211D85ECE3C0}.Release|Any CPU.ActiveCfg = Release|Any CPU
		{9A1246FD-3CE7-4748-A159-211D85ECE3C0}.Release|Any CPU.Build.0 = Release|Any CPU
		{16EAAE86-164E-4737-ABA8-34A1E7DC06F5}.Debug|Any CPU.ActiveCfg = Debug|Any CPU
		{16EAAE86-164E-4737-ABA8-34A1E7DC06F5}.Debug|Any CPU.Build.0 = Debug|Any CPU
		{16EAAE86-164E-4737-ABA8-34A1E7DC06F5}.Release|Any CPU.ActiveCfg = Release|Any CPU
		{16EAAE86-164E-4737-ABA8-34A1E7DC06F5}.Release|Any CPU.Build.0 = Release|Any CPU
	EndGlobalSection
EndGlobal
